
Microsoft Visual Studio Solution File, Format Version 12.00
# Visual Studio Version 17
VisualStudioVersion = 17.13.35828.75 d17.13
MinimumVisualStudioVersion = 10.0.40219.1
Project("{888888A0-9F3D-457C-B088-3A5042F75D52}") = "GEN_AI_IB", "GEN_AI_IB.pyproj", "{AC1BBE7D-445C-40C8-81E9-CDE698F9D431}"
EndProject
Global
	GlobalSection(SolutionConfigurationPlatforms) = preSolution
		Debug|Any CPU = Debug|Any CPU
		Release|Any CPU = Release|Any CPU
	EndGlobalSection
	GlobalSection(ProjectConfigurationPlatforms) = postSolution
		{AC1BBE7D-445C-40C8-81E9-CDE698F9D431}.Debug|Any CPU.ActiveCfg = Debug|Any CPU
		{AC1BBE7D-445C-40C8-81E9-CDE698F9D431}.Release|Any CPU.ActiveCfg = Release|Any CPU
	EndGlobalSection
	GlobalSection(SolutionProperties) = preSolution
		HideSolutionNode = FALSE
	EndGlobalSection
	GlobalSection(ExtensibilityGlobals) = postSolution
		SolutionGuid = {AD43A1CB-6889-41A3-85A6-6940F7D02F9A}
	EndGlobalSection
EndGlobal
